
Microsoft Visual Studio Solution File, Format Version 12.00
# Visual Studio Version 17
VisualStudioVersion = 17.4.33103.184
MinimumVisualStudioVersion = 10.0.40219.1
Project("{9A19103F-16F7-4668-BE54-9A1E7A4F7556}") = "FinalSurveyPractice", "FinalSurveyPractice.csproj", "{3F990844-A673-4AB1-9470-AFC8ACAEEAEF}"
EndProject
Global
	GlobalSection(SolutionConfigurationPlatforms) = preSolution
		Debug|Any CPU = Debug|Any CPU
		Release|Any CPU = Release|Any CPU
	EndGlobalSection
	GlobalSection(ProjectConfigurationPlatforms) = postSolution
		{3F990844-A673-4AB1-9470-AFC8ACAEEAEF}.Debug|Any CPU.ActiveCfg = Debug|Any CPU
		{3F990844-A673-4AB1-9470-AFC8ACAEEAEF}.Debug|Any CPU.Build.0 = Debug|Any CPU
		{3F990844-A673-4AB1-9470-AFC8ACAEEAEF}.Release|Any CPU.ActiveCfg = Release|Any CPU
		{3F990844-A673-4AB1-9470-AFC8ACAEEAEF}.Release|Any CPU.Build.0 = Release|Any CPU
	EndGlobalSection
	GlobalSection(SolutionProperties) = preSolution
		HideSolutionNode = FALSE
	EndGlobalSection
	GlobalSection(ExtensibilityGlobals) = postSolution
		SolutionGuid = {F9C25043-0973-448E-991F-9099A1D93FF6}
	EndGlobalSection
EndGlobal
